
Microsoft Visual Studio Solution File, Format Version 12.00
# Visual Studio Version 16
VisualStudioVersion = 16.0.30907.101
MinimumVisualStudioVersion = 10.0.40219.1
Project("{FAE04EC0-301F-11D3-BF4B-00C04F79EFBC}") = "Alpha", "Alpha.csproj", "{73A3179D-95D1-421D-9D17-8DD43E86E169}"
EndProject
Global
	GlobalSection(SolutionConfigurationPlatforms) = preSolution
		Debug|Any CPU = Debug|Any CPU
		Release|Any CPU = Release|Any CPU
	EndGlobalSection
	GlobalSection(ProjectConfigurationPlatforms) = postSolution
		{73A3179D-95D1-421D-9D17-8DD43E86E169}.Debug|Any CPU.ActiveCfg = Debug|Any CPU
		{73A3179D-95D1-421D-9D17-8DD43E86E169}.Debug|Any CPU.Build.0 = Debug|Any CPU
		{73A3179D-95D1-421D-9D17-8DD43E86E169}.Release|Any CPU.ActiveCfg = Release|Any CPU
		{73A3179D-95D1-421D-9D17-8DD43E86E169}.Release|Any CPU.Build.0 = Release|Any CPU
	EndGlobalSection
	GlobalSection(SolutionProperties) = preSolution
		HideSolutionNode = FALSE
	EndGlobalSection
	GlobalSection(ExtensibilityGlobals) = postSolution
		SolutionGuid = {F3B50487-3B6B-481C-88F3-C9BD6C359617}
	EndGlobalSection
EndGlobal
